{
  "name": "root",
  "requires": true,
  "lockfileVersion": 1,
  "dependencies": {
    "@babel/helper-module-imports": {
      "version": "7.0.0",
      "resolved": "https://registry.npmjs.org/@babel/helper-module-imports/-/helper-module-imports-7.0.0.tgz",
      "integrity": "sha512-aP/hlLq01DWNEiDg4Jn23i+CXxW/owM4WpDLFUbpjxe4NS3BhLVZQ5i7E0ZrxuQ/vwekIeciyamgB1UIYxxM6A==",
      "dev": true,
      "requires": {
        "@babel/types": "7.3.0"
      }
    },
    "@babel/helper-plugin-utils": {
      "version": "7.0.0",
      "resolved": "https://registry.npmjs.org/@babel/helper-plugin-utils/-/helper-plugin-utils-7.0.0.tgz",
      "integrity": "sha512-CYAOUCARwExnEixLdB6sDm2dIJ/YgEAKDM1MOeMeZu9Ld/bDgVo8aiWrXwcY7OBh+1Ea2uUcVRcxKk0GJvW7QA==",
      "dev": true
    },
    "@babel/plugin-transform-runtime": {
      "version": "7.2.0",
      "resolved": "https://registry.npmjs.org/@babel/plugin-transform-runtime/-/plugin-transform-runtime-7.2.0.tgz",
      "integrity": "sha512-jIgkljDdq4RYDnJyQsiWbdvGeei/0MOTtSHKO/rfbd/mXBxNpdlulMx49L0HQ4pug1fXannxoqCI+fYSle9eSw==",
      "dev": true,
      "requires": {
        "@babel/helper-module-imports": "7.0.0",
        "@babel/helper-plugin-utils": "7.0.0",
        "resolve": "1.10.0",
        "semver": "5.6.0"
      }
    },
    "@babel/types": {
      "version": "7.3.0",
      "resolved": "https://registry.npmjs.org/@babel/types/-/types-7.3.0.tgz",
      "integrity": "sha512-QkFPw68QqWU1/RVPyBe8SO7lXbPfjtqAxRYQKpFpaB8yMq7X2qAqfwK5LKoQufEkSmO5NQ70O6Kc3Afk03RwXw==",
      "dev": true,
      "requires": {
        "esutils": "2.0.2",
        "lodash": "4.17.11",
        "to-fast-properties": "2.0.0"
      }
    },
    "@types/bson": {
      "version": "1.0.11",
      "resolved": "https://registry.npmjs.org/@types/bson/-/bson-1.0.11.tgz",
      "integrity": "sha512-j+UcCWI+FsbI5/FQP/Kj2CXyplWAz39ktHFkXk84h7dNblKRSoNJs95PZFRd96NQGqsPEPgeclqnznWZr14ZDA==",
      "dev": true,
      "requires": {
        "@types/node": "10.12.21"
      }
    },
    "@types/mongodb": {
      "version": "3.1.19",
      "resolved": "https://registry.npmjs.org/@types/mongodb/-/mongodb-3.1.19.tgz",
      "integrity": "sha512-H54hQEovAhyLrIZOhPNfGyCCDoTqKsjb8GQBy8nptJqfxrYCp5WVcPJf9v0kfTPR72xOhaz9+WcYxOXWwEg1Vg==",
      "dev": true,
      "requires": {
        "@types/bson": "1.0.11",
        "@types/node": "10.12.21"
      }
    },
    "@types/mongoose": {
      "version": "5.3.12",
      "resolved": "https://registry.npmjs.org/@types/mongoose/-/mongoose-5.3.12.tgz",
      "integrity": "sha512-dmZv3H9lXWhLY8XrxJNu+pVUecquReR3AtPxVsnPTcTH/T/YTgxE0zeTavNcqaBUD5XXKtlTy+2VhZxDkn/0Jw==",
      "dev": true,
      "requires": {
        "@types/mongodb": "3.1.19",
        "@types/node": "10.12.21"
      }
    },
    "@types/node": {
      "version": "10.12.21",
      "resolved": "https://registry.npmjs.org/@types/node/-/node-10.12.21.tgz",
      "integrity": "sha512-CBgLNk4o3XMnqMc0rhb6lc77IwShMEglz05deDcn2lQxyXEZivfwgYJu7SMha9V5XcrP6qZuevTHV/QrN2vjKQ==",
      "dev": true
    },
    "esutils": {
      "version": "2.0.2",
      "resolved": "https://registry.npmjs.org/esutils/-/esutils-2.0.2.tgz",
      "integrity": "sha1-Cr9PHKpbyx96nYrMbepPqqBLrJs=",
      "dev": true
    },
    "lodash": {
      "version": "4.17.11",
      "resolved": "https://registry.npmjs.org/lodash/-/lodash-4.17.11.tgz",
      "integrity": "sha512-cQKh8igo5QUhZ7lg38DYWAxMvjSAKG0A8wGSVimP07SIUEK2UO+arSRKbRZWtelMtN5V0Hkwh5ryOto/SshYIg==",
      "dev": true
    },
    "path-parse": {
      "version": "1.0.6",
      "resolved": "https://registry.npmjs.org/path-parse/-/path-parse-1.0.6.tgz",
      "integrity": "sha512-GSmOT2EbHrINBf9SR7CDELwlJ8AENk3Qn7OikK4nFYAu3Ote2+JYNVvkpAEQm3/TLNEJFD/xZJjzyxg3KBWOzw==",
      "dev": true
    },
    "resolve": {
      "version": "1.10.0",
      "resolved": "https://registry.npmjs.org/resolve/-/resolve-1.10.0.tgz",
      "integrity": "sha512-3sUr9aq5OfSg2S9pNtPA9hL1FVEAjvfOC4leW0SNf/mpnaakz2a9femSd6LqAww2RaFctwyf1lCqnTHuF1rxDg==",
      "dev": true,
      "requires": {
        "path-parse": "1.0.6"
      }
    },
    "semver": {
      "version": "5.6.0",
      "resolved": "https://registry.npmjs.org/semver/-/semver-5.6.0.tgz",
      "integrity": "sha512-RS9R6R35NYgQn++fkDWaOmqGoj4Ek9gGs+DPxNUZKuwE183xjJroKvyo1IzVFeXvUrvmALy6FWD5xrdJT25gMg==",
      "dev": true
    },
    "to-fast-properties": {
      "version": "2.0.0",
      "resolved": "https://registry.npmjs.org/to-fast-properties/-/to-fast-properties-2.0.0.tgz",
      "integrity": "sha1-3F5pjL0HkmW8c+A3doGk5Og/YW4=",
      "dev": true
    }
  }
}
